
Microsoft Visual Studio Solution File, Format Version 12.00
# Visual Studio 15
VisualStudioVersion = 15.0.27703.2042
MinimumVisualStudioVersion = 10.0.40219.1
Project("{FAE04EC0-301F-11D3-BF4B-00C04F79EFBC}") = "Check-InOutApp", "Check-InOutApp\Check-InOutApp.csproj", "{831BBC32-E469-4A4B-999D-9C806E1A4C4A}"
EndProject
Global
	GlobalSection(SolutionConfigurationPlatforms) = preSolution
		Debug|Any CPU = Debug|Any CPU
		Release|Any CPU = Release|Any CPU
	EndGlobalSection
	GlobalSection(ProjectConfigurationPlatforms) = postSolution
		{831BBC32-E469-4A4B-999D-9C806E1A4C4A}.Debug|Any CPU.ActiveCfg = Debug|Any CPU
		{831BBC32-E469-4A4B-999D-9C806E1A4C4A}.Debug|Any CPU.Build.0 = Debug|Any CPU
		{831BBC32-E469-4A4B-999D-9C806E1A4C4A}.Release|Any CPU.ActiveCfg = Release|Any CPU
		{831BBC32-E469-4A4B-999D-9C806E1A4C4A}.Release|Any CPU.Build.0 = Release|Any CPU
	EndGlobalSection
	GlobalSection(SolutionProperties) = preSolution
		HideSolutionNode = FALSE
	EndGlobalSection
	GlobalSection(ExtensibilityGlobals) = postSolution
		SolutionGuid = {F4C53EC6-9F94-4BF4-BDB3-24D4ADACD457}
	EndGlobalSection
EndGlobal
