
Microsoft Visual Studio Solution File, Format Version 12.00
# Visual Studio 15
VisualStudioVersion = 15.0.27703.2042
MinimumVisualStudioVersion = 10.0.40219.1
Project("{FAE04EC0-301F-11D3-BF4B-00C04F79EFBC}") = "EventStatusApp", "EventStatusApp\EventStatusApp.csproj", "{60219122-B82E-4C03-88AC-48F5590E2CFF}"
EndProject
Global
	GlobalSection(SolutionConfigurationPlatforms) = preSolution
		Debug|Any CPU = Debug|Any CPU
		Release|Any CPU = Release|Any CPU
	EndGlobalSection
	GlobalSection(ProjectConfigurationPlatforms) = postSolution
		{60219122-B82E-4C03-88AC-48F5590E2CFF}.Debug|Any CPU.ActiveCfg = Debug|Any CPU
		{60219122-B82E-4C03-88AC-48F5590E2CFF}.Debug|Any CPU.Build.0 = Debug|Any CPU
		{60219122-B82E-4C03-88AC-48F5590E2CFF}.Release|Any CPU.ActiveCfg = Release|Any CPU
		{60219122-B82E-4C03-88AC-48F5590E2CFF}.Release|Any CPU.Build.0 = Release|Any CPU
	EndGlobalSection
	GlobalSection(SolutionProperties) = preSolution
		HideSolutionNode = FALSE
	EndGlobalSection
	GlobalSection(ExtensibilityGlobals) = postSolution
		SolutionGuid = {FA842D7B-2FBF-4175-834F-C660CD6A85F2}
	EndGlobalSection
EndGlobal
