
Microsoft Visual Studio Solution File, Format Version 12.00
# Visual Studio 15
VisualStudioVersion = 15.0.27703.2042
MinimumVisualStudioVersion = 10.0.40219.1
Project("{FAE04EC0-301F-11D3-BF4B-00C04F79EFBC}") = "CheckInOutCamping", "CheckInOutCamping\CheckInOutCamping.csproj", "{261F18EC-7E60-4BAF-8DF2-B149542984A7}"
EndProject
Global
	GlobalSection(SolutionConfigurationPlatforms) = preSolution
		Debug|Any CPU = Debug|Any CPU
		Release|Any CPU = Release|Any CPU
	EndGlobalSection
	GlobalSection(ProjectConfigurationPlatforms) = postSolution
		{261F18EC-7E60-4BAF-8DF2-B149542984A7}.Debug|Any CPU.ActiveCfg = Debug|Any CPU
		{261F18EC-7E60-4BAF-8DF2-B149542984A7}.Debug|Any CPU.Build.0 = Debug|Any CPU
		{261F18EC-7E60-4BAF-8DF2-B149542984A7}.Release|Any CPU.ActiveCfg = Release|Any CPU
		{261F18EC-7E60-4BAF-8DF2-B149542984A7}.Release|Any CPU.Build.0 = Release|Any CPU
	EndGlobalSection
	GlobalSection(SolutionProperties) = preSolution
		HideSolutionNode = FALSE
	EndGlobalSection
	GlobalSection(ExtensibilityGlobals) = postSolution
		SolutionGuid = {0F445D44-1A75-4E7E-869E-B4171F796C15}
	EndGlobalSection
EndGlobal
